
Microsoft Visual Studio Solution File, Format Version 12.00
# Visual Studio Version 17
VisualStudioVersion = 17.11.35327.3
MinimumVisualStudioVersion = 10.0.40219.1
Project("{FAE04EC0-301F-11D3-BF4B-00C04F79EFBC}") = "ManifestTranslation", "ManifestTranslation\ManifestTranslation.csproj", "{1B30CB69-450F-44A6-BF72-6E79618F46B7}"
EndProject
Global
	GlobalSection(SolutionConfigurationPlatforms) = preSolution
		Debug|Any CPU = Debug|Any CPU
		Release|Any CPU = Release|Any CPU
	EndGlobalSection
	GlobalSection(ProjectConfigurationPlatforms) = postSolution
		{1B30CB69-450F-44A6-BF72-6E79618F46B7}.Debug|Any CPU.ActiveCfg = Debug|Any CPU
		{1B30CB69-450F-44A6-BF72-6E79618F46B7}.Debug|Any CPU.Build.0 = Debug|Any CPU
		{1B30CB69-450F-44A6-BF72-6E79618F46B7}.Release|Any CPU.ActiveCfg = Release|Any CPU
		{1B30CB69-450F-44A6-BF72-6E79618F46B7}.Release|Any CPU.Build.0 = Release|Any CPU
	EndGlobalSection
	GlobalSection(SolutionProperties) = preSolution
		HideSolutionNode = FALSE
	EndGlobalSection
	GlobalSection(ExtensibilityGlobals) = postSolution
		SolutionGuid = {3ACDF5CE-7C1B-49E2-8CEC-280FBD197ED2}
	EndGlobalSection
EndGlobal
